
Microsoft Visual Studio Solution File, Format Version 12.00
# Visual Studio 15
VisualStudioVersion = 15.0.28307.1000
MinimumVisualStudioVersion = 10.0.40219.1
Project("{FAE04EC0-301F-11D3-BF4B-00C04F79EFBC}") = "Zork2020", "Zork2020.csproj", "{AEFDF857-EA40-467A-9992-E4159979A361}"
EndProject
Global
	GlobalSection(SolutionConfigurationPlatforms) = preSolution
		Debug|Any CPU = Debug|Any CPU
		Release|Any CPU = Release|Any CPU
	EndGlobalSection
	GlobalSection(ProjectConfigurationPlatforms) = postSolution
		{AEFDF857-EA40-467A-9992-E4159979A361}.Debug|Any CPU.ActiveCfg = Debug|Any CPU
		{AEFDF857-EA40-467A-9992-E4159979A361}.Debug|Any CPU.Build.0 = Debug|Any CPU
		{AEFDF857-EA40-467A-9992-E4159979A361}.Release|Any CPU.ActiveCfg = Release|Any CPU
		{AEFDF857-EA40-467A-9992-E4159979A361}.Release|Any CPU.Build.0 = Release|Any CPU
	EndGlobalSection
	GlobalSection(SolutionProperties) = preSolution
		HideSolutionNode = FALSE
	EndGlobalSection
	GlobalSection(ExtensibilityGlobals) = postSolution
		SolutionGuid = {A61B4059-A674-4A12-9EB0-389EB41D64BB}
	EndGlobalSection
EndGlobal
